
Microsoft Visual Studio Solution File, Format Version 12.00
# Visual Studio Version 17
VisualStudioVersion = 17.14.36603.0 d17.14
MinimumVisualStudioVersion = 10.0.40219.1
Project("{FAE04EC0-301F-11D3-BF4B-00C04F79EFBC}") = "ShortestPath", "ShortestPath.csproj", "{9D2A9759-6363-4D4A-8267-ED37C59D8D28}"
EndProject
Global
	GlobalSection(SolutionConfigurationPlatforms) = preSolution
		Debug|Any CPU = Debug|Any CPU
		Release|Any CPU = Release|Any CPU
	EndGlobalSection
	GlobalSection(ProjectConfigurationPlatforms) = postSolution
		{9D2A9759-6363-4D4A-8267-ED37C59D8D28}.Debug|Any CPU.ActiveCfg = Debug|Any CPU
		{9D2A9759-6363-4D4A-8267-ED37C59D8D28}.Debug|Any CPU.Build.0 = Debug|Any CPU
		{9D2A9759-6363-4D4A-8267-ED37C59D8D28}.Release|Any CPU.ActiveCfg = Release|Any CPU
		{9D2A9759-6363-4D4A-8267-ED37C59D8D28}.Release|Any CPU.Build.0 = Release|Any CPU
	EndGlobalSection
	GlobalSection(SolutionProperties) = preSolution
		HideSolutionNode = FALSE
	EndGlobalSection
	GlobalSection(ExtensibilityGlobals) = postSolution
		SolutionGuid = {73E0B351-59D6-42AD-A90E-C89877DB0F70}
	EndGlobalSection
EndGlobal
