
Microsoft Visual Studio Solution File, Format Version 12.00
# Visual Studio Version 17
VisualStudioVersion = 17.14.36603.0 d17.14
MinimumVisualStudioVersion = 10.0.40219.1
Project("{FAE04EC0-301F-11D3-BF4B-00C04F79EFBC}") = "Heap", "Heap.csproj", "{CFD0DA47-16A8-488A-A04C-D2FBE1F2CE7E}"
EndProject
Global
	GlobalSection(SolutionConfigurationPlatforms) = preSolution
		Debug|Any CPU = Debug|Any CPU
		Release|Any CPU = Release|Any CPU
	EndGlobalSection
	GlobalSection(ProjectConfigurationPlatforms) = postSolution
		{CFD0DA47-16A8-488A-A04C-D2FBE1F2CE7E}.Debug|Any CPU.ActiveCfg = Debug|Any CPU
		{CFD0DA47-16A8-488A-A04C-D2FBE1F2CE7E}.Debug|Any CPU.Build.0 = Debug|Any CPU
		{CFD0DA47-16A8-488A-A04C-D2FBE1F2CE7E}.Release|Any CPU.ActiveCfg = Release|Any CPU
		{CFD0DA47-16A8-488A-A04C-D2FBE1F2CE7E}.Release|Any CPU.Build.0 = Release|Any CPU
	EndGlobalSection
	GlobalSection(SolutionProperties) = preSolution
		HideSolutionNode = FALSE
	EndGlobalSection
	GlobalSection(ExtensibilityGlobals) = postSolution
		SolutionGuid = {73CA72DF-A7EF-41DA-9BEF-CE0EF7C85BCE}
	EndGlobalSection
EndGlobal
