
Microsoft Visual Studio Solution File, Format Version 12.00
# Visual Studio Version 17
VisualStudioVersion = 17.14.36603.0 d17.14
MinimumVisualStudioVersion = 10.0.40219.1
Project("{FAE04EC0-301F-11D3-BF4B-00C04F79EFBC}") = "CheckSyntaxBracketsError", "CheckSyntaxBracketsError.csproj", "{8C691E60-9F62-4E68-A3DB-41447052417D}"
EndProject
Global
	GlobalSection(SolutionConfigurationPlatforms) = preSolution
		Debug|Any CPU = Debug|Any CPU
		Release|Any CPU = Release|Any CPU
	EndGlobalSection
	GlobalSection(ProjectConfigurationPlatforms) = postSolution
		{8C691E60-9F62-4E68-A3DB-41447052417D}.Debug|Any CPU.ActiveCfg = Debug|Any CPU
		{8C691E60-9F62-4E68-A3DB-41447052417D}.Debug|Any CPU.Build.0 = Debug|Any CPU
		{8C691E60-9F62-4E68-A3DB-41447052417D}.Release|Any CPU.ActiveCfg = Release|Any CPU
		{8C691E60-9F62-4E68-A3DB-41447052417D}.Release|Any CPU.Build.0 = Release|Any CPU
	EndGlobalSection
	GlobalSection(SolutionProperties) = preSolution
		HideSolutionNode = FALSE
	EndGlobalSection
	GlobalSection(ExtensibilityGlobals) = postSolution
		SolutionGuid = {ADADC5C5-1544-4758-BAE5-A1BAC4657F98}
	EndGlobalSection
EndGlobal
